
Microsoft Visual Studio Solution File, Format Version 12.00
# Visual Studio 14
VisualStudioVersion = 14.0.24720.0
MinimumVisualStudioVersion = 10.0.40219.1
Project("{FAE04EC0-301F-11D3-BF4B-00C04F79EFBC}") = "Liste", "Liste\Liste.csproj", "{5F73DBAF-39FD-4337-ABB1-C99D81DF99BC}"
EndProject
Global
	GlobalSection(SolutionConfigurationPlatforms) = preSolution
		Debug|Any CPU = Debug|Any CPU
		Release|Any CPU = Release|Any CPU
	EndGlobalSection
	GlobalSection(ProjectConfigurationPlatforms) = postSolution
		{5F73DBAF-39FD-4337-ABB1-C99D81DF99BC}.Debug|Any CPU.ActiveCfg = Debug|Any CPU
		{5F73DBAF-39FD-4337-ABB1-C99D81DF99BC}.Debug|Any CPU.Build.0 = Debug|Any CPU
		{5F73DBAF-39FD-4337-ABB1-C99D81DF99BC}.Release|Any CPU.ActiveCfg = Release|Any CPU
		{5F73DBAF-39FD-4337-ABB1-C99D81DF99BC}.Release|Any CPU.Build.0 = Release|Any CPU
	EndGlobalSection
	GlobalSection(SolutionProperties) = preSolution
		HideSolutionNode = FALSE
	EndGlobalSection
EndGlobal
